// !$*UTF8*$!
{
	archiveVersion = 1;
	classes = {
	};
	objectVersion = 46;
	objects = {

/* Begin PBXBuildFile section */
		FD86FEC61CE45D4F001B7B42 /* main.m in Sources */ = {isa = PBXBuildFile; fileRef = FD86FEC51CE45D4F001B7B42 /* main.m */; };
		FD86FEC91CE45D4F001B7B42 /* AppDelegate.m in Sources */ = {isa = PBXBuildFile; fileRef = FD86FEC81CE45D4F001B7B42 /* AppDelegate.m */; };
		FD86FECC1CE45D4F001B7B42 /* ViewController.m in Sources */ = {isa = PBXBuildFile; fileRef = FD86FECB1CE45D4F001B7B42 /* ViewController.m */; };
		FD86FECF1CE45D4F001B7B42 /* Main.storyboard in Resources */ = {isa = PBXBuildFile; fileRef = FD86FECD1CE45D4F001B7B42 /* Main.storyboard */; };
		FD86FED11CE45D4F001B7B42 /* Assets.xcassets in Resources */ = {isa = PBXBuildFile; fileRef = FD86FED01CE45D4F001B7B42 /* Assets.xcassets */; };
		FD86FED41CE45D4F001B7B42 /* LaunchScreen.storyboard in Resources */ = {isa = PBXBuildFile; fileRef = FD86FED21CE45D4F001B7B42 /* LaunchScreen.storyboard */; };
		FD86FEDF1CE45D50001B7B42 /* UIView_UISnapshottingTests.m in Sources */ = {isa = PBXBuildFile; fileRef = FD86FEDE1CE45D50001B7B42 /* UIView_UISnapshottingTests.m */; };
/* End PBXBuildFile section */

/* Begin PBXContainerItemProxy section */
		FD86FEDB1CE45D50001B7B42 /* PBXContainerItemProxy */ = {
			isa = PBXContainerItemProxy;
			containerPortal = FD86FEB91CE45D4F001B7B42 /* Project object */;
			proxyType = 1;
			remoteGlobalIDString = FD86FEC01CE45D4F001B7B42;
			remoteInfo = "UIView+UISnapshotting";
		};
/* End PBXContainerItemProxy section */

/* Begin PBXFileReference section */
		FD86FEC11CE45D4F001B7B42 /* UIView+UISnapshotting.app */ = {isa = PBXFileReference; explicitFileType = wrapper.application; includeInIndex = 0; path = "UIView+UISnapshotting.app"; sourceTree = BUILT_PRODUCTS_DIR; };
		FD86FEC51CE45D4F001B7B42 /* main.m */ = {isa = PBXFileReference; lastKnownFileType = sourcecode.c.objc; path = main.m; sourceTree = "<group>"; };
		FD86FEC71CE45D4F001B7B42 /* AppDelegate.h */ = {isa = PBXFileReference; lastKnownFileType = sourcecode.c.h; path = AppDelegate.h; sourceTree = "<group>"; };
		FD86FEC81CE45D4F001B7B42 /* AppDelegate.m */ = {isa = PBXFileReference; lastKnownFileType = sourcecode.c.objc; path = AppDelegate.m; sourceTree = "<group>"; };
		FD86FECA1CE45D4F001B7B42 /* ViewController.h */ = {isa = PBXFileReference; lastKnownFileType = sourcecode.c.h; path = ViewController.h; sourceTree = "<group>"; };
		FD86FECB1CE45D4F001B7B42 /* ViewController.m */ = {isa = PBXFileReference; lastKnownFileType = sourcecode.c.objc; path = ViewController.m; sourceTree = "<group>"; };
		FD86FECE1CE45D4F001B7B42 /* Base */ = {isa = PBXFileReference; lastKnownFileType = file.storyboard; name = Base; path = Base.lproj/Main.storyboard; sourceTree = "<group>"; };
		FD86FED01CE45D4F001B7B42 /* Assets.xcassets */ = {isa = PBXFileReference; lastKnownFileType = folder.assetcatalog; path = Assets.xcassets; sourceTree = "<group>"; };
		FD86FED31CE45D4F001B7B42 /* Base */ = {isa = PBXFileReference; lastKnownFileType = file.storyboard; name = Base; path = Base.lproj/LaunchScreen.storyboard; sourceTree = "<group>"; };
		FD86FED51CE45D4F001B7B42 /* Info.plist */ = {isa = PBXFileReference; lastKnownFileType = text.plist.xml; path = Info.plist; sourceTree = "<group>"; };
		FD86FEDA1CE45D50001B7B42 /* UIView+UISnapshottingTests.xctest */ = {isa = PBXFileReference; explicitFileType = wrapper.cfbundle; includeInIndex = 0; path = "UIView+UISnapshottingTests.xctest"; sourceTree = BUILT_PRODUCTS_DIR; };
		FD86FEDE1CE45D50001B7B42 /* UIView_UISnapshottingTests.m */ = {isa = PBXFileReference; lastKnownFileType = sourcecode.c.objc; path = UIView_UISnapshottingTests.m; sourceTree = "<group>"; };
		FD86FEE01CE45D50001B7B42 /* Info.plist */ = {isa = PBXFileReference; lastKnownFileType = text.plist.xml; path = Info.plist; sourceTree = "<group>"; };
/* End PBXFileReference section */

/* Begin PBXFrameworksBuildPhase section */
		FD86FEBE1CE45D4F001B7B42 /* Frameworks */ = {
			isa = PBXFrameworksBuildPhase;
			buildActionMask = 2147483647;
			files = (
			);
			runOnlyForDeploymentPostprocessing = 0;
		};
		FD86FED71CE45D50001B7B42 /* Frameworks */ = {
			isa = PBXFrameworksBuildPhase;
			buildActionMask = 2147483647;
			files = (
			);
			runOnlyForDeploymentPostprocessing = 0;
		};
/* End PBXFrameworksBuildPhase section */

/* Begin PBXGroup section */
		FD86FEB81CE45D4F001B7B42 = {
			isa = PBXGroup;
			children = (
				FD86FEC31CE45D4F001B7B42 /* UIView+UISnapshotting */,
				FD86FEDD1CE45D50001B7B42 /* UIView+UISnapshottingTests */,
				FD86FEC21CE45D4F001B7B42 /* Products */,
			);
			sourceTree = "<group>";
		};
		FD86FEC21CE45D4F001B7B42 /* Products */ = {
			isa = PBXGroup;
			children = (
				FD86FEC11CE45D4F001B7B42 /* UIView+UISnapshotting.app */,
				FD86FEDA1CE45D50001B7B42 /* UIView+UISnapshottingTests.xctest */,
			);
			name = Products;
			sourceTree = "<group>";
		};
		FD86FEC31CE45D4F001B7B42 /* UIView+UISnapshotting */ = {
			isa = PBXGroup;
			children = (
				FD86FEC71CE45D4F001B7B42 /* AppDelegate.h */,
				FD86FEC81CE45D4F001B7B42 /* AppDelegate.m */,
				FD86FECA1CE45D4F001B7B42 /* ViewController.h */,
				FD86FECB1CE45D4F001B7B42 /* ViewController.m */,
				FD86FECD1CE45D4F001B7B42 /* Main.storyboard */,
				FD86FED01CE45D4F001B7B42 /* Assets.xcassets */,
				FD86FED21CE45D4F001B7B42 /* LaunchScreen.storyboard */,
				FD86FED51CE45D4F001B7B42 /* Info.plist */,
				FD86FEC41CE45D4F001B7B42 /* Supporting Files */,
			);
			path = "UIView+UISnapshotting";
			sourceTree = "<group>";
		};
		FD86FEC41CE45D4F001B7B42 /* Supporting Files */ = {
			isa = PBXGroup;
			children = (
				FD86FEC51CE45D4F001B7B42 /* main.m */,
			);
			name = "Supporting Files";
			sourceTree = "<group>";
		};
		FD86FEDD1CE45D50001B7B42 /* UIView+UISnapshottingTests */ = {
			isa = PBXGroup;
			children = (
				FD86FEDE1CE45D50001B7B42 /* UIView_UISnapshottingTests.m */,
				FD86FEE01CE45D50001B7B42 /* Info.plist */,
			);
			path = "UIView+UISnapshottingTests";
			sourceTree = "<group>";
		};
/* End PBXGroup section */

/* Begin PBXNativeTarget section */
		FD86FEC01CE45D4F001B7B42 /* UIView+UISnapshotting */ = {
			isa = PBXNativeTarget;
			buildConfigurationList = FD86FEE31CE45D50001B7B42 /* Build configuration list for PBXNativeTarget "UIView+UISnapshotting" */;
			buildPhases = (
				FD86FEBD1CE45D4F001B7B42 /* Sources */,
				FD86FEBE1CE45D4F001B7B42 /* Frameworks */,
				FD86FEBF1CE45D4F001B7B42 /* Resources */,
			);
			buildRules = (
			);
			dependencies = (
			);
			name = "UIView+UISnapshotting";
			productName = "UIView+UISnapshotting";
			productReference = FD86FEC11CE45D4F001B7B42 /* UIView+UISnapshotting.app */;
			productType = "com.apple.product-type.application";
		};
		FD86FED91CE45D50001B7B42 /* UIView+UISnapshottingTests */ = {
			isa = PBXNativeTarget;
			buildConfigurationList = FD86FEE61CE45D50001B7B42 /* Build configuration list for PBXNativeTarget "UIView+UISnapshottingTests" */;
			buildPhases = (
				FD86FED61CE45D50001B7B42 /* Sources */,
				FD86FED71CE45D50001B7B42 /* Frameworks */,
				FD86FED81CE45D50001B7B42 /* Resources */,
			);
			buildRules = (
			);
			dependencies = (
				FD86FEDC1CE45D50001B7B42 /* PBXTargetDependency */,
			);
			name = "UIView+UISnapshottingTests";
			productName = "UIView+UISnapshottingTests";
			productReference = FD86FEDA1CE45D50001B7B42 /* UIView+UISnapshottingTests.xctest */;
			productType = "com.apple.product-type.bundle.unit-test";
		};
/* End PBXNativeTarget section */

/* Begin PBXProject section */
		FD86FEB91CE45D4F001B7B42 /* Project object */ = {
			isa = PBXProject;
			attributes = {
				LastUpgradeCheck = 0730;
				ORGANIZATIONNAME = long;
				TargetAttributes = {
					FD86FEC01CE45D4F001B7B42 = {
						CreatedOnToolsVersion = 7.3;
					};
					FD86FED91CE45D50001B7B42 = {
						CreatedOnToolsVersion = 7.3;
						TestTargetID = FD86FEC01CE45D4F001B7B42;
					};
				};
			};
			buildConfigurationList = FD86FEBC1CE45D4F001B7B42 /* Build configuration list for PBXProject "UIView+UISnapshotting" */;
			compatibilityVersion = "Xcode 3.2";
			developmentRegion = English;
			hasScannedForEncodings = 0;
			knownRegions = (
				en,
				Base,
			);
			mainGroup = FD86FEB81CE45D4F001B7B42;
			productRefGroup = FD86FEC21CE45D4F001B7B42 /* Products */;
			projectDirPath = "";
			projectRoot = "";
			targets = (
				FD86FEC01CE45D4F001B7B42 /* UIView+UISnapshotting */,
				FD86FED91CE45D50001B7B42 /* UIView+UISnapshottingTests */,
			);
		};
/* End PBXProject section */

/* Begin PBXResourcesBuildPhase section */
		FD86FEBF1CE45D4F001B7B42 /* Resources */ = {
			isa = PBXResourcesBuildPhase;
			buildActionMask = 2147483647;
			files = (
				FD86FED41CE45D4F001B7B42 /* LaunchScreen.storyboard in Resources */,
				FD86FED11CE45D4F001B7B42 /* Assets.xcassets in Resources */,
				FD86FECF1CE45D4F001B7B42 /* Main.storyboard in Resources */,
			);
			runOnlyForDeploymentPostprocessing = 0;
		};
		FD86FED81CE45D50001B7B42 /* Resources */ = {
			isa = PBXResourcesBuildPhase;
			buildActionMask = 2147483647;
			files = (
			);
			runOnlyForDeploymentPostprocessing = 0;
		};
/* End PBXResourcesBuildPhase section */

/* Begin PBXSourcesBuildPhase section */
		FD86FEBD1CE45D4F001B7B42 /* Sources */ = {
			isa = PBXSourcesBuildPhase;
			buildActionMask = 2147483647;
			files = (
				FD86FECC1CE45D4F001B7B42 /* ViewController.m in Sources */,
				FD86FEC91CE45D4F001B7B42 /* AppDelegate.m in Sources */,
				FD86FEC61CE45D4F001B7B42 /* main.m in Sources */,
			);
			runOnlyForDeploymentPostprocessing = 0;
		};
		FD86FED61CE45D50001B7B42 /* Sources */ = {
			isa = PBXSourcesBuildPhase;
			buildActionMask = 2147483647;
			files = (
				FD86FEDF1CE45D50001B7B42 /* UIView_UISnapshottingTests.m in Sources */,
			);
			runOnlyForDeploymentPostprocessing = 0;
		};
/* End PBXSourcesBuildPhase section */

/* Begin PBXTargetDependency section */
		FD86FEDC1CE45D50001B7B42 /* PBXTargetDependency */ = {
			isa = PBXTargetDependency;
			target = FD86FEC01CE45D4F001B7B42 /* UIView+UISnapshotting */;
			targetProxy = FD86FEDB1CE45D50001B7B42 /* PBXContainerItemProxy */;
		};
/* End PBXTargetDependency section */

/* Begin PBXVariantGroup section */
		FD86FECD1CE45D4F001B7B42 /* Main.storyboard */ = {
			isa = PBXVariantGroup;
			children = (
				FD86FECE1CE45D4F001B7B42 /* Base */,
			);
			name = Main.storyboard;
			sourceTree = "<group>";
		};
		FD86FED21CE45D4F001B7B42 /* LaunchScreen.storyboard */ = {
			isa = PBXVariantGroup;
			children = (
				FD86FED31CE45D4F001B7B42 /* Base */,
			);
			name = LaunchScreen.storyboard;
			sourceTree = "<group>";
		};
/* End PBXVariantGroup section */

/* Begin XCBuildConfiguration section */
		FD86FEE11CE45D50001B7B42 /* Debug */ = {
			isa = XCBuildConfiguration;
			buildSettings = {
				ALWAYS_SEARCH_USER_PATHS = NO;
				CLANG_ANALYZER_NONNULL = YES;
				CLANG_CXX_LANGUAGE_STANDARD = "gnu++0x";
				CLANG_CXX_LIBRARY = "libc++";
				CLANG_ENABLE_MODULES = YES;
				CLANG_ENABLE_OBJC_ARC = YES;
				CLANG_WARN_BOOL_CONVERSION = YES;
				CLANG_WARN_CONSTANT_CONVERSION = YES;
				CLANG_WARN_DIRECT_OBJC_ISA_USAGE = YES_ERROR;
				CLANG_WARN_EMPTY_BODY = YES;
				CLANG_WARN_ENUM_CONVERSION = YES;
				CLANG_WARN_INT_CONVERSION = YES;
				CLANG_WARN_OBJC_ROOT_CLASS = YES_ERROR;
				CLANG_WARN_UNREACHABLE_CODE = YES;
				CLANG_WARN__DUPLICATE_METHOD_MATCH = YES;
				"CODE_SIGN_IDENTITY[sdk=iphoneos*]" = "iPhone Developer";
				COPY_PHASE_STRIP = NO;
				DEBUG_INFORMATION_FORMAT = dwarf;
				ENABLE_STRICT_OBJC_MSGSEND = YES;
				ENABLE_TESTABILITY = YES;
				GCC_C_LANGUAGE_STANDARD = gnu99;
				GCC_DYNAMIC_NO_PIC = NO;
				GCC_NO_COMMON_BLOCKS = YES;
				GCC_OPTIMIZATION_LEVEL = 0;
				GCC_PREPROCESSOR_DEFINITIONS = (
					"DEBUG=1",
					"$(inherited)",
				);
				GCC_WARN_64_TO_32_BIT_CONVERSION = YES;
				GCC_WARN_ABOUT_RETURN_TYPE = YES_ERROR;
				GCC_WARN_UNDECLARED_SELECTOR = YES;
				GCC_WARN_UNINITIALIZED_AUTOS = YES_AGGRESSIVE;
				GCC_WARN_UNUSED_FUNCTION = YES;
				GCC_WARN_UNUSED_VARIABLE = YES;
				IPHONEOS_DEPLOYMENT_TARGET = 9.3;
				MTL_ENABLE_DEBUG_INFO = YES;
				ONLY_ACTIVE_ARCH = YES;
				SDKROOT = iphoneos;
				TARGETED_DEVICE_FAMILY = "1,2";
			};
			name = Debug;
		};
		FD86FEE21CE45D50001B7B42 /* Release */ = {
			isa = XCBuildConfiguration;
			buildSettings = {
				ALWAYS_SEARCH_USER_PATHS = NO;
				CLANG_ANALYZER_NONNULL = YES;
				CLANG_CXX_LANGUAGE_STANDARD = "gnu++0x";
				CLANG_CXX_LIBRARY = "libc++";
				CLANG_ENABLE_MODULES = YES;
				CLANG_ENABLE_OBJC_ARC = YES;
				CLANG_WARN_BOOL_CONVERSION = YES;
				CLANG_WARN_CONSTANT_CONVERSION = YES;
				CLANG_WARN_DIRECT_OBJC_ISA_USAGE = YES_ERROR;
				CLANG_WARN_EMPTY_BODY = YES;
				CLANG_WARN_ENUM_CONVERSION = YES;
				CLANG_WARN_INT_CONVERSION = YES;
				CLANG_WARN_OBJC_ROOT_CLASS = YES_ERROR;
				CLANG_WARN_UNREACHABLE_CODE = YES;
				CLANG_WARN__DUPLICATE_METHOD_MATCH = YES;
				"CODE_SIGN_IDENTITY[sdk=iphoneos*]" = "iPhone Developer";
				COPY_PHASE_STRIP = NO;
				DEBUG_INFORMATION_FORMAT = "dwarf-with-dsym";
				ENABLE_NS_ASSERTIONS = NO;
				ENABLE_STRICT_OBJC_MSGSEND = YES;
				GCC_C_LANGUAGE_STANDARD = gnu99;
				GCC_NO_COMMON_BLOCKS = YES;
				GCC_WARN_64_TO_32_BIT_CONVERSION = YES;
				GCC_WARN_ABOUT_RETURN_TYPE = YES_ERROR;
				GCC_WARN_UNDECLARED_SELECTOR = YES;
				GCC_WARN_UNINITIALIZED_AUTOS = YES_AGGRESSIVE;
				GCC_WARN_UNUSED_FUNCTION = YES;
				GCC_WARN_UNUSED_VARIABLE = YES;
				IPHONEOS_DEPLOYMENT_TARGET = 9.3;
				MTL_ENABLE_DEBUG_INFO = NO;
				SDKROOT = iphoneos;
				TARGETED_DEVICE_FAMILY = "1,2";
				VALIDATE_PRODUCT = YES;
			};
			name = Release;
		};
		FD86FEE41CE45D50001B7B42 /* Debug */ = {
			isa = XCBuildConfiguration;
			buildSettings = {
				ASSETCATALOG_COMPILER_APPICON_NAME = AppIcon;
				INFOPLIST_FILE = "UIView+UISnapshotting/Info.plist";
				LD_RUNPATH_SEARCH_PATHS = "$(inherited) @executable_path/Frameworks";
				PRODUCT_BUNDLE_IDENTIFIER = "hzins.UIView-UISnapshotting";
				PRODUCT_NAME = "$(TARGET_NAME)";
			};
			name = Debug;
		};
		FD86FEE51CE45D50001B7B42 /* Release */ = {
			isa = XCBuildConfiguration;
			buildSettings = {
				ASSETCATALOG_COMPILER_APPICON_NAME = AppIcon;
				INFOPLIST_FILE = "UIView+UISnapshotting/Info.plist";
				LD_RUNPATH_SEARCH_PATHS = "$(inherited) @executable_path/Frameworks";
				PRODUCT_BUNDLE_IDENTIFIER = "hzins.UIView-UISnapshotting";
				PRODUCT_NAME = "$(TARGET_NAME)";
			};
			name = Release;
		};
		FD86FEE71CE45D50001B7B42 /* Debug */ = {
			isa = XCBuildConfiguration;
			buildSettings = {
				BUNDLE_LOADER = "$(TEST_HOST)";
				INFOPLIST_FILE = "UIView+UISnapshottingTests/Info.plist";
				LD_RUNPATH_SEARCH_PATHS = "$(inherited) @executable_path/Frameworks @loader_path/Frameworks";
				PRODUCT_BUNDLE_IDENTIFIER = "hzins.UIView-UISnapshottingTests";
				PRODUCT_NAME = "$(TARGET_NAME)";
				TEST_HOST = "$(BUILT_PRODUCTS_DIR)/UIView+UISnapshotting.app/UIView+UISnapshotting";
			};
			name = Debug;
		};
		FD86FEE81CE45D50001B7B42 /* Release */ = {
			isa = XCBuildConfiguration;
			buildSettings = {
				BUNDLE_LOADER = "$(TEST_HOST)";
				INFOPLIST_FILE = "UIView+UISnapshottingTests/Info.plist";
				LD_RUNPATH_SEARCH_PATHS = "$(inherited) @executable_path/Frameworks @loader_path/Frameworks";
				PRODUCT_BUNDLE_IDENTIFIER = "hzins.UIView-UISnapshottingTests";
				PRODUCT_NAME = "$(TARGET_NAME)";
				TEST_HOST = "$(BUILT_PRODUCTS_DIR)/UIView+UISnapshotting.app/UIView+UISnapshotting";
			};
			name = Release;
		};
/* End XCBuildConfiguration section */

/* Begin XCConfigurationList section */
		FD86FEBC1CE45D4F001B7B42 /* Build configuration list for PBXProject "UIView+UISnapshotting" */ = {
			isa = XCConfigurationList;
			buildConfigurations = (
				FD86FEE11CE45D50001B7B42 /* Debug */,
				FD86FEE21CE45D50001B7B42 /* Release */,
			);
			defaultConfigurationIsVisible = 0;
			defaultConfigurationName = Release;
		};
		FD86FEE31CE45D50001B7B42 /* Build configuration list for PBXNativeTarget "UIView+UISnapshotting" */ = {
			isa = XCConfigurationList;
			buildConfigurations = (
				FD86FEE41CE45D50001B7B42 /* Debug */,
				FD86FEE51CE45D50001B7B42 /* Release */,
			);
			defaultConfigurationIsVisible = 0;
		};
		FD86FEE61CE45D50001B7B42 /* Build configuration list for PBXNativeTarget "UIView+UISnapshottingTests" */ = {
			isa = XCConfigurationList;
			buildConfigurations = (
				FD86FEE71CE45D50001B7B42 /* Debug */,
				FD86FEE81CE45D50001B7B42 /* Release */,
			);
			defaultConfigurationIsVisible = 0;
		};
/* End XCConfigurationList section */
	};
	rootObject = FD86FEB91CE45D4F001B7B42 /* Project object */;
}
